<?xml version="1.0" encoding="utf-8"?>
<Project ToolsVersion="16.0" xmlns="http://schemas.microsoft.com/developer/msbuild/2003">
  <ItemGroup>
    <ClCompile Include="N:\Development\Dev_Base\libpng-1.6.40\contrib\libtests\pngstest.c">
      <Filter>Source Files</Filter>
    </ClCompile>
  </ItemGroup>
  <ItemGroup>
    <CustomBuild Include="N:\Development\Dev_Base\libpng-1.6.40\CMakeLists.txt" />
  </ItemGroup>
  <ItemGroup>
    <Filter Include="Source Files">
      <UniqueIdentifier>{ED902BE7-478A-3C3A-A940-D0497536C3EA}</UniqueIdentifier>
    </Filter>
  </ItemGroup>
</Project>
